
Microsoft Visual Studio Solution File, Format Version 12.00
# Visual Studio 2013
VisualStudioVersion = 12.0.30723.0
MinimumVisualStudioVersion = 10.0.40219.1
Project("{FAE04EC0-301F-11D3-BF4B-00C04F79EFBC}") = "PdfTemplateTool", "PdfTemplateDevTool\PdfTemplateTool.csproj", "{7168D0A2-0EFC-4FD5-A01D-14074DA53BE7}"
EndProject
Project("{54435603-DBB4-11D2-8724-00A0C9A8B90C}") = "Installer", "Installer\Installer.vdproj", "{7A07507C-A199-43C1-BD45-534FEDC03633}"
EndProject
Project("{FAE04EC0-301F-11D3-BF4B-00C04F79EFBC}") = "PdfTemplateLib", "..\PdfTemplateLib\PdfTemplateLib\PdfTemplateLib.csproj", "{8FCA3772-9A7F-4139-B2E5-62413E1D1052}"
EndProject
Global
	GlobalSection(SolutionConfigurationPlatforms) = preSolution
		Debug|Any CPU = Debug|Any CPU
		Release|Any CPU = Release|Any CPU
	EndGlobalSection
	GlobalSection(ProjectConfigurationPlatforms) = postSolution
		{7168D0A2-0EFC-4FD5-A01D-14074DA53BE7}.Debug|Any CPU.ActiveCfg = Debug|Any CPU
		{7168D0A2-0EFC-4FD5-A01D-14074DA53BE7}.Debug|Any CPU.Build.0 = Debug|Any CPU
		{7168D0A2-0EFC-4FD5-A01D-14074DA53BE7}.Release|Any CPU.ActiveCfg = Release|Any CPU
		{7168D0A2-0EFC-4FD5-A01D-14074DA53BE7}.Release|Any CPU.Build.0 = Release|Any CPU
		{7A07507C-A199-43C1-BD45-534FEDC03633}.Debug|Any CPU.ActiveCfg = Debug
		{7A07507C-A199-43C1-BD45-534FEDC03633}.Release|Any CPU.ActiveCfg = Release
		{8FCA3772-9A7F-4139-B2E5-62413E1D1052}.Debug|Any CPU.ActiveCfg = Debug|Any CPU
		{8FCA3772-9A7F-4139-B2E5-62413E1D1052}.Debug|Any CPU.Build.0 = Debug|Any CPU
		{8FCA3772-9A7F-4139-B2E5-62413E1D1052}.Release|Any CPU.ActiveCfg = Release|Any CPU
		{8FCA3772-9A7F-4139-B2E5-62413E1D1052}.Release|Any CPU.Build.0 = Release|Any CPU
	EndGlobalSection
	GlobalSection(SolutionProperties) = preSolution
		HideSolutionNode = FALSE
	EndGlobalSection
EndGlobal
